
Microsoft Visual Studio Solution File, Format Version 12.00
# Visual Studio 14
VisualStudioVersion = 14.0.23107.0
MinimumVisualStudioVersion = 10.0.40219.1
Project("{FAE04EC0-301F-11D3-BF4B-00C04F79EFBC}") = "CloudFlareDDNS", "CloudFlareDDNS\CloudFlareDDNS.csproj", "{E919E67E-4907-4D90-A75E-72D92C4311FD}"
EndProject
Project("{2150E333-8FDC-42A3-9474-1A3956D46DE8}") = "Solution Items", "Solution Items", "{0FCF4F8A-DE60-455C-8CB7-AFCF2CD1E6BF}"
	ProjectSection(SolutionItems) = preProject
		LICENSE = LICENSE
		README.md = README.md
	EndProjectSection
EndProject
Global
	GlobalSection(SolutionConfigurationPlatforms) = preSolution
		Debug|Any CPU = Debug|Any CPU
		Release|Any CPU = Release|Any CPU
	EndGlobalSection
	GlobalSection(ProjectConfigurationPlatforms) = postSolution
		{E919E67E-4907-4D90-A75E-72D92C4311FD}.Debug|Any CPU.ActiveCfg = Debug|Any CPU
		{E919E67E-4907-4D90-A75E-72D92C4311FD}.Debug|Any CPU.Build.0 = Debug|Any CPU
		{E919E67E-4907-4D90-A75E-72D92C4311FD}.Release|Any CPU.ActiveCfg = Release|Any CPU
		{E919E67E-4907-4D90-A75E-72D92C4311FD}.Release|Any CPU.Build.0 = Release|Any CPU
	EndGlobalSection
	GlobalSection(SolutionProperties) = preSolution
		HideSolutionNode = FALSE
	EndGlobalSection
EndGlobal
